{
    "_readme": [
        "This file locks the dependencies of your project to a known state",
        "Read more about it at https://getcomposer.org/doc/01-basic-usage.md#installing-dependencies",
        "This file is @generated automatically"
    ],
    "content-hash": "e5afd0ce155a21902e96952f23b53c2d",
    "packages": [
        {
            "name": "hgh/exception-handler",
            "version": "v1.1.0",
            "source": {
                "type": "git",
                "url": "https://github.com/H-Gh/exception-handler.git",
                "reference": "b13f9b9a406dc233b028d8ae6996ff2f0cbd81f7"
            },
            "dist": {
                "type": "zip",
                "url": "https://api.github.com/repos/H-Gh/exception-handler/zipball/b13f9b9a406dc233b028d8ae6996ff2f0cbd81f7",
                "reference": "b13f9b9a406dc233b028d8ae6996ff2f0cbd81f7",
                "shasum": ""
            },
            "require": {
                "hgh/helpers": "^1.0"
            },
            "type": "library",
            "autoload": {
                "psr-4": {
                    "HGh\\Handlers\\Exception\\": "src"
                }
            },
            "notification-url": "https://packagist.org/downloads/",
            "license": [
                "MIT"
            ],
            "authors": [
                {
                    "name": "Hamed Ghasempour",
                    "email": "hamedghasempour@gmail.com"
                }
            ],
            "description": "This package centralizes exceptions behaviour of projects. The duty of this package is to prevent to show unwanted exceptions to user.",
            "time": "2020-07-14T20:17:37+00:00"
        },
        {
            "name": "hgh/fox-framework",
            "version": "v1.1.4",
            "source": {
                "type": "git",
                "url": "https://github.com/H-Gh/fox-framework.git",
                "reference": "fa6e463b8dfe3489ce8f162f2089e2f795e41d7a"
            },
            "dist": {
                "type": "zip",
                "url": "https://api.github.com/repos/H-Gh/fox-framework/zipball/fa6e463b8dfe3489ce8f162f2089e2f795e41d7a",
                "reference": "fa6e463b8dfe3489ce8f162f2089e2f795e41d7a",
                "shasum": ""
            },
            "require": {
                "hgh/exception-handler": "^1.0",
                "hgh/helpers": "^1.0",
                "vlucas/phpdotenv": "^4.1"
            },
            "type": "library",
            "autoload": {
                "psr-4": {
                    "Fox\\": "src/"
                }
            },
            "notification-url": "https://packagist.org/downloads/",
            "license": [
                "MIT"
            ],
            "authors": [
                {
                    "name": "Hamed Ghasempour",
                    "email": "hamedghasempour@gmail.com"
                }
            ],
            "description": "The mini framework",
            "time": "2020-07-18T12:15:30+00:00"
        },
        {
            "name": "hgh/helpers",
            "version": "v1.1.0",
            "source": {
                "type": "git",
                "url": "https://github.com/H-Gh/helpers.git",
                "reference": "9f411aea1b8d599d435f29edb013a79e525ef2e6"
            },
            "dist": {
                "type": "zip",
                "url": "https://api.github.com/repos/H-Gh/helpers/zipball/9f411aea1b8d599d435f29edb013a79e525ef2e6",
                "reference": "9f411aea1b8d599d435f29edb013a79e525ef2e6",
                "shasum": ""
            },
            "type": "library",
            "autoload": {
                "psr-4": {
                    "HGh\\Helpers\\": "src"
                }
            },
            "notification-url": "https://packagist.org/downloads/",
            "license": [
                "MIT"
            ],
            "authors": [
                {
                    "name": "Hamed Ghasempour",
                    "email": "hamedghasempour@gmail.com"
                }
            ],
            "description": "This package contains all helpful methods to help on texts, arrays, objects and number.",
            "time": "2020-07-14T19:55:41+00:00"
        },
        {
            "name": "phpoption/phpoption",
            "version": "1.7.4",
            "source": {
                "type": "git",
                "url": "https://github.com/schmittjoh/php-option.git",
                "reference": "b2ada2ad5d8a32b89088b8adc31ecd2e3a13baf3"
            },
            "dist": {
                "type": "zip",
                "url": "https://api.github.com/repos/schmittjoh/php-option/zipball/b2ada2ad5d8a32b89088b8adc31ecd2e3a13baf3",
                "reference": "b2ada2ad5d8a32b89088b8adc31ecd2e3a13baf3",
                "shasum": ""
            },
            "require": {
                "php": "^5.5.9 || ^7.0 || ^8.0"
            },
            "require-dev": {
                "bamarni/composer-bin-plugin": "^1.3",
                "phpunit/phpunit": "^4.8.35 || ^5.0 || ^6.0 || ^7.0"
            },
            "type": "library",
            "extra": {
                "branch-alias": {
                    "dev-master": "1.7-dev"
                }
            },
            "autoload": {
                "psr-4": {
                    "PhpOption\\": "src/PhpOption/"
                }
            },
            "notification-url": "https://packagist.org/downloads/",
            "license": [
                "Apache-2.0"
            ],
            "authors": [
                {
                    "name": "Johannes M. Schmitt",
                    "email": "schmittjoh@gmail.com"
                },
                {
                    "name": "Graham Campbell",
                    "email": "graham@alt-three.com"
                }
            ],
            "description": "Option Type for PHP",
            "keywords": [
                "language",
                "option",
                "php",
                "type"
            ],
            "time": "2020-06-07T10:40:07+00:00"
        },
        {
            "name": "symfony/polyfill-ctype",
            "version": "v1.18.0",
            "source": {
                "type": "git",
                "url": "https://github.com/symfony/polyfill-ctype.git",
                "reference": "1c302646f6efc070cd46856e600e5e0684d6b454"
            },
            "dist": {
                "type": "zip",
                "url": "https://api.github.com/repos/symfony/polyfill-ctype/zipball/1c302646f6efc070cd46856e600e5e0684d6b454",
                "reference": "1c302646f6efc070cd46856e600e5e0684d6b454",
                "shasum": ""
            },
            "require": {
                "php": ">=5.3.3"
            },
            "suggest": {
                "ext-ctype": "For best performance"
            },
            "type": "library",
            "extra": {
                "branch-alias": {
                    "dev-master": "1.18-dev"
                },
                "thanks": {
                    "name": "symfony/polyfill",
                    "url": "https://github.com/symfony/polyfill"
                }
            },
            "autoload": {
                "psr-4": {
                    "Symfony\\Polyfill\\Ctype\\": ""
                },
                "files": [
                    "bootstrap.php"
                ]
            },
            "notification-url": "https://packagist.org/downloads/",
            "license": [
                "MIT"
            ],
            "authors": [
                {
                    "name": "Gert de Pagter",
                    "email": "BackEndTea@gmail.com"
                },
                {
                    "name": "Symfony Community",
                    "homepage": "https://symfony.com/contributors"
                }
            ],
            "description": "Symfony polyfill for ctype functions",
            "homepage": "https://symfony.com",
            "keywords": [
                "compatibility",
                "ctype",
                "polyfill",
                "portable"
            ],
            "time": "2020-07-14T12:35:20+00:00"
        },
        {
            "name": "vlucas/phpdotenv",
            "version": "v4.1.8",
            "source": {
                "type": "git",
                "url": "https://github.com/vlucas/phpdotenv.git",
                "reference": "572af79d913627a9d70374d27a6f5d689a35de32"
            },
            "dist": {
                "type": "zip",
                "url": "https://api.github.com/repos/vlucas/phpdotenv/zipball/572af79d913627a9d70374d27a6f5d689a35de32",
                "reference": "572af79d913627a9d70374d27a6f5d689a35de32",
                "shasum": ""
            },
            "require": {
                "php": "^5.5.9 || ^7.0 || ^8.0",
                "phpoption/phpoption": "^1.7.3",
                "symfony/polyfill-ctype": "^1.17"
            },
            "require-dev": {
                "bamarni/composer-bin-plugin": "^1.4.1",
                "ext-filter": "*",
                "ext-pcre": "*",
                "phpunit/phpunit": "^4.8.35 || ^5.7.27 || ^6.5.6 || ^7.0"
            },
            "suggest": {
                "ext-filter": "Required to use the boolean validator.",
                "ext-pcre": "Required to use most of the library."
            },
            "type": "library",
            "extra": {
                "branch-alias": {
                    "dev-master": "4.1-dev"
                }
            },
            "autoload": {
                "psr-4": {
                    "Dotenv\\": "src/"
                }
            },
            "notification-url": "https://packagist.org/downloads/",
            "license": [
                "BSD-3-Clause"
            ],
            "authors": [
                {
                    "name": "Graham Campbell",
                    "email": "graham@alt-three.com",
                    "homepage": "https://gjcampbell.co.uk/"
                },
                {
                    "name": "Vance Lucas",
                    "email": "vance@vancelucas.com",
                    "homepage": "https://vancelucas.com/"
                }
            ],
            "description": "Loads environment variables from `.env` to `getenv()`, `$_ENV` and `$_SERVER` automagically.",
            "keywords": [
                "dotenv",
                "env",
                "environment"
            ],
            "time": "2020-07-14T19:22:52+00:00"
        }
    ],
    "packages-dev": [],
    "aliases": [],
    "minimum-stability": "stable",
    "stability-flags": [],
    "prefer-stable": false,
    "prefer-lowest": false,
    "platform": {
        "ext-pdo": "*",
        "ext-openssl": "*",
        "ext-mcrypt": "*",
        "ext-json": "*"
    },
    "platform-dev": []
}
